// !$*UTF8*$!
{
	archiveVersion = 1;
	classes = {
	};
	objectVersion = 46;
	objects = {

/* Begin PBXBuildFile section */
		2A3A3EF11AD2373400F09768 /* main.m in Sources */ = {isa = PBXBuildFile; fileRef = 2A3A3EF01AD2373400F09768 /* main.m */; };
		2A3A3EF41AD2373400F09768 /* AppDelegate.m in Sources */ = {isa = PBXBuildFile; fileRef = 2A3A3EF31AD2373400F09768 /* AppDelegate.m */; };
		2A3A3F011AD2373400F09768 /* Images.xcassets in Resources */ = {isa = PBXBuildFile; fileRef = 2A3A3F001AD2373400F09768 /* Images.xcassets */; };
		2A3A3F041AD2373400F09768 /* LaunchScreen.xib in Resources */ = {isa = PBXBuildFile; fileRef = 2A3A3F021AD2373400F09768 /* LaunchScreen.xib */; };
		2A3A3F101AD2373400F09768 /* DogCatch_ver1_01_Tests.m in Sources */ = {isa = PBXBuildFile; fileRef = 2A3A3F0F1AD2373400F09768 /* DogCatch_ver1_01_Tests.m */; };
		2A3A3F1A1AD2376600F09768 /* CoreAudio.framework in Frameworks */ = {isa = PBXBuildFile; fileRef = 2A3A3F191AD2376600F09768 /* CoreAudio.framework */; };
		2A3A3F321AD2549900F09768 /* QuartzCore.framework in Frameworks */ = {isa = PBXBuildFile; fileRef = 2A3A3F311AD2549900F09768 /* QuartzCore.framework */; };
		2A9320311B3B9F9B005039C7 /* PlistLoad.m in Sources */ = {isa = PBXBuildFile; fileRef = 2A9320301B3B9F9B005039C7 /* PlistLoad.m */; };
		2A9320341B3BC459005039C7 /* UIView+Utility.m in Sources */ = {isa = PBXBuildFile; fileRef = 2A9320331B3BC459005039C7 /* UIView+Utility.m */; };
		2A9320371B3BC714005039C7 /* UIImage+Utility.m in Sources */ = {isa = PBXBuildFile; fileRef = 2A9320361B3BC714005039C7 /* UIImage+Utility.m */; };
		2ACC45851B38F0700064E416 /* BaseViewController.m in Sources */ = {isa = PBXBuildFile; fileRef = 2ACC45841B38F0700064E416 /* BaseViewController.m */; };
		2ACC45891B38F23A0064E416 /* TitleScreenViewController.m in Sources */ = {isa = PBXBuildFile; fileRef = 2ACC45881B38F23A0064E416 /* TitleScreenViewController.m */; };
		2ACC458E1B38F2F20064E416 /* EasyModeViewController.m in Sources */ = {isa = PBXBuildFile; fileRef = 2ACC458D1B38F2F20064E416 /* EasyModeViewController.m */; };
		2ACC45911B38F2FF0064E416 /* NormalScreenViewController.m in Sources */ = {isa = PBXBuildFile; fileRef = 2ACC45901B38F2FF0064E416 /* NormalScreenViewController.m */; };
		2ACC45951B38F32F0064E416 /* TutorialScreenViewController.m in Sources */ = {isa = PBXBuildFile; fileRef = 2ACC45941B38F32F0064E416 /* TutorialScreenViewController.m */; };
		2ACC45981B38F35A0064E416 /* CustomButton.m in Sources */ = {isa = PBXBuildFile; fileRef = 2ACC45971B38F35A0064E416 /* CustomButton.m */; };
		2ACC459C1B38F4720064E416 /* ScoreModel.m in Sources */ = {isa = PBXBuildFile; fileRef = 2ACC459B1B38F4720064E416 /* ScoreModel.m */; };
		2ACC45A01B38F5100064E416 /* ScoreModelManager.m in Sources */ = {isa = PBXBuildFile; fileRef = 2ACC459F1B38F5100064E416 /* ScoreModelManager.m */; };
		2ACC45A71B38F5E80064E416 /* TimerClass.m in Sources */ = {isa = PBXBuildFile; fileRef = 2ACC45A61B38F5E80064E416 /* TimerClass.m */; };
		2ACC45AA1B38F5F70064E416 /* SDAudioPlayerManager.m in Sources */ = {isa = PBXBuildFile; fileRef = 2ACC45A91B38F5F70064E416 /* SDAudioPlayerManager.m */; };
		2ACC45C41B38F6B40064E416 /* back1.jpg in Resources */ = {isa = PBXBuildFile; fileRef = 2ACC45AC1B38F6B40064E416 /* back1.jpg */; };
		2ACC45C51B38F6B40064E416 /* balloon_down.png in Resources */ = {isa = PBXBuildFile; fileRef = 2ACC45AD1B38F6B40064E416 /* balloon_down.png */; };
		2ACC45C61B38F6B40064E416 /* balloon_up.png in Resources */ = {isa = PBXBuildFile; fileRef = 2ACC45AE1B38F6B40064E416 /* balloon_up.png */; };
		2ACC45C71B38F6B40064E416 /* dogall.png in Resources */ = {isa = PBXBuildFile; fileRef = 2ACC45AF1B38F6B40064E416 /* dogall.png */; };
		2ACC45C81B38F6B40064E416 /* frame.gif in Resources */ = {isa = PBXBuildFile; fileRef = 2ACC45B01B38F6B40064E416 /* frame.gif */; };
		2ACC45C91B38F6B40064E416 /* frame_2.png in Resources */ = {isa = PBXBuildFile; fileRef = 2ACC45B11B38F6B40064E416 /* frame_2.png */; };
		2ACC45CA1B38F6B40064E416 /* girl1.jpg in Resources */ = {isa = PBXBuildFile; fileRef = 2ACC45B21B38F6B40064E416 /* girl1.jpg */; };
		2ACC45CB1B38F6B40064E416 /* girl2.jpg in Resources */ = {isa = PBXBuildFile; fileRef = 2ACC45B31B38F6B40064E416 /* girl2.jpg */; };
		2ACC45CC1B38F6B40064E416 /* girl3.jpg in Resources */ = {isa = PBXBuildFile; fileRef = 2ACC45B41B38F6B40064E416 /* girl3.jpg */; };
		2ACC45CD1B38F6B40064E416 /* girl4.jpg in Resources */ = {isa = PBXBuildFile; fileRef = 2ACC45B51B38F6B40064E416 /* girl4.jpg */; };
		2ACC45CE1B38F6B40064E416 /* hasky.png in Resources */ = {isa = PBXBuildFile; fileRef = 2ACC45B61B38F6B40064E416 /* hasky.png */; };
		2ACC45CF1B38F6B40064E416 /* koly.png in Resources */ = {isa = PBXBuildFile; fileRef = 2ACC45B71B38F6B40064E416 /* koly.png */; };
		2ACC45D01B38F6B40064E416 /* pome.png in Resources */ = {isa = PBXBuildFile; fileRef = 2ACC45B81B38F6B40064E416 /* pome.png */; };
		2ACC45D11B38F6B40064E416 /* shiba.png in Resources */ = {isa = PBXBuildFile; fileRef = 2ACC45B91B38F6B40064E416 /* shiba.png */; };
		2ACC45D21B38F6B40064E416 /* shuna.png in Resources */ = {isa = PBXBuildFile; fileRef = 2ACC45BA1B38F6B40064E416 /* shuna.png */; };
		2ACC45D31B38F6B40064E416 /* title_ver2.png in Resources */ = {isa = PBXBuildFile; fileRef = 2ACC45BB1B38F6B40064E416 /* title_ver2.png */; };
		2ACC45D41B38F6B40064E416 /* c6.mp3 in Resources */ = {isa = PBXBuildFile; fileRef = 2ACC45BD1B38F6B40064E416 /* c6.mp3 */; };
		2ACC45D51B38F6B40064E416 /* correct2.mp3 in Resources */ = {isa = PBXBuildFile; fileRef = 2ACC45BE1B38F6B40064E416 /* correct2.mp3 */; };
		2ACC45D61B38F6B40064E416 /* d6.mp3 in Resources */ = {isa = PBXBuildFile; fileRef = 2ACC45BF1B38F6B40064E416 /* d6.mp3 */; };
		2ACC45D71B38F6B40064E416 /* decision23.mp3 in Resources */ = {isa = PBXBuildFile; fileRef = 2ACC45C01B38F6B40064E416 /* decision23.mp3 */; };
		2ACC45D81B38F6B40064E416 /* se9.wav in Resources */ = {isa = PBXBuildFile; fileRef = 2ACC45C11B38F6B40064E416 /* se9.wav */; };
		2ACC45D91B38F6B40064E416 /* Yasashisa.ttf in Resources */ = {isa = PBXBuildFile; fileRef = 2ACC45C21B38F6B40064E416 /* Yasashisa.ttf */; };
		2ACC45DA1B38F6B40064E416 /* カジノ4.mp3 in Resources */ = {isa = PBXBuildFile; fileRef = 2ACC45C31B38F6B40064E416 /* カジノ4.mp3 */; };
		2ACC45DD1B38F73A0064E416 /* KodomoRounded.otf in Resources */ = {isa = PBXBuildFile; fileRef = 2ACC45DC1B38F73A0064E416 /* KodomoRounded.otf */; };
		2ACC45E01B38F81B0064E416 /* Main.storyboard in Resources */ = {isa = PBXBuildFile; fileRef = 2ACC45DF1B38F81B0064E416 /* Main.storyboard */; };
		2AD222DA1B3A801D0098BAE0 /* SDPreloadingAudioFiles.plist in Resources */ = {isa = PBXBuildFile; fileRef = 2AD222D91B3A801D0098BAE0 /* SDPreloadingAudioFiles.plist */; };
		2AF2C6F81B3A44180046BAD3 /* AlertView.m in Sources */ = {isa = PBXBuildFile; fileRef = 2AF2C6F71B3A44180046BAD3 /* AlertView.m */; };
		2AF2FDEA1AD60F0800E71856 /* AVFoundation.framework in Frameworks */ = {isa = PBXBuildFile; fileRef = 2AF2FDE91AD60F0800E71856 /* AVFoundation.framework */; };
		B66DB53DA80980756F3518CA /* libPods.a in Frameworks */ = {isa = PBXBuildFile; fileRef = 8F8819315EF35BDF02837D81 /* libPods.a */; };
		B858B31F1B3CCF27001C57BA /* ResultScreenViewController.m in Sources */ = {isa = PBXBuildFile; fileRef = B858B31E1B3CCF27001C57BA /* ResultScreenViewController.m */; };
/* End PBXBuildFile section */

/* Begin PBXContainerItemProxy section */
		2A3A3F0A1AD2373400F09768 /* PBXContainerItemProxy */ = {
			isa = PBXContainerItemProxy;
			containerPortal = 2A3A3EE31AD2373400F09768 /* Project object */;
			proxyType = 1;
			remoteGlobalIDString = 2A3A3EEA1AD2373400F09768;
			remoteInfo = "DogCatch(ver1.01)";
		};
/* End PBXContainerItemProxy section */

/* Begin PBXFileReference section */
		2A3A3EEB1AD2373400F09768 /* StrayDogOverOne.app */ = {isa = PBXFileReference; explicitFileType = wrapper.application; includeInIndex = 0; path = StrayDogOverOne.app; sourceTree = BUILT_PRODUCTS_DIR; };
		2A3A3EEF1AD2373400F09768 /* Info.plist */ = {isa = PBXFileReference; lastKnownFileType = text.plist.xml; path = Info.plist; sourceTree = "<group>"; };
		2A3A3EF01AD2373400F09768 /* main.m */ = {isa = PBXFileReference; lastKnownFileType = sourcecode.c.objc; path = main.m; sourceTree = "<group>"; };
		2A3A3EF21AD2373400F09768 /* AppDelegate.h */ = {isa = PBXFileReference; lastKnownFileType = sourcecode.c.h; path = AppDelegate.h; sourceTree = "<group>"; };
		2A3A3EF31AD2373400F09768 /* AppDelegate.m */ = {isa = PBXFileReference; lastKnownFileType = sourcecode.c.objc; path = AppDelegate.m; sourceTree = "<group>"; };
		2A3A3F001AD2373400F09768 /* Images.xcassets */ = {isa = PBXFileReference; lastKnownFileType = folder.assetcatalog; path = Images.xcassets; sourceTree = "<group>"; };
		2A3A3F031AD2373400F09768 /* Base */ = {isa = PBXFileReference; lastKnownFileType = file.xib; name = Base; path = Base.lproj/LaunchScreen.xib; sourceTree = "<group>"; };
		2A3A3F091AD2373400F09768 /* StrayDogOverOneTests.xctest */ = {isa = PBXFileReference; explicitFileType = wrapper.cfbundle; includeInIndex = 0; path = StrayDogOverOneTests.xctest; sourceTree = BUILT_PRODUCTS_DIR; };
		2A3A3F0E1AD2373400F09768 /* Info.plist */ = {isa = PBXFileReference; lastKnownFileType = text.plist.xml; path = Info.plist; sourceTree = "<group>"; };
		2A3A3F0F1AD2373400F09768 /* DogCatch_ver1_01_Tests.m */ = {isa = PBXFileReference; lastKnownFileType = sourcecode.c.objc; path = DogCatch_ver1_01_Tests.m; sourceTree = "<group>"; };
		2A3A3F191AD2376600F09768 /* CoreAudio.framework */ = {isa = PBXFileReference; lastKnownFileType = wrapper.framework; name = CoreAudio.framework; path = System/Library/Frameworks/CoreAudio.framework; sourceTree = SDKROOT; };
		2A3A3F311AD2549900F09768 /* QuartzCore.framework */ = {isa = PBXFileReference; lastKnownFileType = wrapper.framework; name = QuartzCore.framework; path = System/Library/Frameworks/QuartzCore.framework; sourceTree = SDKROOT; };
		2A93202E1B3B99FD005039C7 /* StrayDogOverOne-Prefix.pch */ = {isa = PBXFileReference; lastKnownFileType = sourcecode.c.h; path = "StrayDogOverOne-Prefix.pch"; sourceTree = "<group>"; };
		2A93202F1B3B9F9B005039C7 /* PlistLoad.h */ = {isa = PBXFileReference; fileEncoding = 4; lastKnownFileType = sourcecode.c.h; path = PlistLoad.h; sourceTree = "<group>"; };
		2A9320301B3B9F9B005039C7 /* PlistLoad.m */ = {isa = PBXFileReference; fileEncoding = 4; lastKnownFileType = sourcecode.c.objc; path = PlistLoad.m; sourceTree = "<group>"; };
		2A9320321B3BC459005039C7 /* UIView+Utility.h */ = {isa = PBXFileReference; fileEncoding = 4; lastKnownFileType = sourcecode.c.h; path = "UIView+Utility.h"; sourceTree = "<group>"; };
		2A9320331B3BC459005039C7 /* UIView+Utility.m */ = {isa = PBXFileReference; fileEncoding = 4; lastKnownFileType = sourcecode.c.objc; path = "UIView+Utility.m"; sourceTree = "<group>"; };
		2A9320351B3BC714005039C7 /* UIImage+Utility.h */ = {isa = PBXFileReference; fileEncoding = 4; lastKnownFileType = sourcecode.c.h; path = "UIImage+Utility.h"; sourceTree = "<group>"; };
		2A9320361B3BC714005039C7 /* UIImage+Utility.m */ = {isa = PBXFileReference; fileEncoding = 4; lastKnownFileType = sourcecode.c.objc; path = "UIImage+Utility.m"; sourceTree = "<group>"; };
		2ACC45831B38F0700064E416 /* BaseViewController.h */ = {isa = PBXFileReference; fileEncoding = 4; lastKnownFileType = sourcecode.c.h; path = BaseViewController.h; sourceTree = "<group>"; };
		2ACC45841B38F0700064E416 /* BaseViewController.m */ = {isa = PBXFileReference; fileEncoding = 4; lastKnownFileType = sourcecode.c.objc; path = BaseViewController.m; sourceTree = "<group>"; };
		2ACC45871B38F23A0064E416 /* TitleScreenViewController.h */ = {isa = PBXFileReference; fileEncoding = 4; lastKnownFileType = sourcecode.c.h; path = TitleScreenViewController.h; sourceTree = "<group>"; };
		2ACC45881B38F23A0064E416 /* TitleScreenViewController.m */ = {isa = PBXFileReference; fileEncoding = 4; lastKnownFileType = sourcecode.c.objc; path = TitleScreenViewController.m; sourceTree = "<group>"; };
		2ACC458C1B38F2F20064E416 /* EasyModeViewController.h */ = {isa = PBXFileReference; fileEncoding = 4; lastKnownFileType = sourcecode.c.h; path = EasyModeViewController.h; sourceTree = "<group>"; };
		2ACC458D1B38F2F20064E416 /* EasyModeViewController.m */ = {isa = PBXFileReference; fileEncoding = 4; lastKnownFileType = sourcecode.c.objc; path = EasyModeViewController.m; sourceTree = "<group>"; };
		2ACC458F1B38F2FF0064E416 /* NormalScreenViewController.h */ = {isa = PBXFileReference; fileEncoding = 4; lastKnownFileType = sourcecode.c.h; path = NormalScreenViewController.h; sourceTree = "<group>"; };
		2ACC45901B38F2FF0064E416 /* NormalScreenViewController.m */ = {isa = PBXFileReference; fileEncoding = 4; lastKnownFileType = sourcecode.c.objc; path = NormalScreenViewController.m; sourceTree = "<group>"; };
		2ACC45931B38F32F0064E416 /* TutorialScreenViewController.h */ = {isa = PBXFileReference; fileEncoding = 4; lastKnownFileType = sourcecode.c.h; path = TutorialScreenViewController.h; sourceTree = "<group>"; };
		2ACC45941B38F32F0064E416 /* TutorialScreenViewController.m */ = {isa = PBXFileReference; fileEncoding = 4; lastKnownFileType = sourcecode.c.objc; path = TutorialScreenViewController.m; sourceTree = "<group>"; };
		2ACC45961B38F35A0064E416 /* CustomButton.h */ = {isa = PBXFileReference; fileEncoding = 4; lastKnownFileType = sourcecode.c.h; path = CustomButton.h; sourceTree = "<group>"; };
		2ACC45971B38F35A0064E416 /* CustomButton.m */ = {isa = PBXFileReference; fileEncoding = 4; lastKnownFileType = sourcecode.c.objc; path = CustomButton.m; sourceTree = "<group>"; };
		2ACC459A1B38F4720064E416 /* ScoreModel.h */ = {isa = PBXFileReference; fileEncoding = 4; lastKnownFileType = sourcecode.c.h; path = ScoreModel.h; sourceTree = "<group>"; };
		2ACC459B1B38F4720064E416 /* ScoreModel.m */ = {isa = PBXFileReference; fileEncoding = 4; lastKnownFileType = sourcecode.c.objc; path = ScoreModel.m; sourceTree = "<group>"; };
		2ACC459E1B38F5100064E416 /* ScoreModelManager.h */ = {isa = PBXFileReference; fileEncoding = 4; lastKnownFileType = sourcecode.c.h; path = ScoreModelManager.h; sourceTree = "<group>"; };
		2ACC459F1B38F5100064E416 /* ScoreModelManager.m */ = {isa = PBXFileReference; fileEncoding = 4; lastKnownFileType = sourcecode.c.objc; path = ScoreModelManager.m; sourceTree = "<group>"; };
		2ACC45A51B38F5E80064E416 /* TimerClass.h */ = {isa = PBXFileReference; fileEncoding = 4; lastKnownFileType = sourcecode.c.h; path = TimerClass.h; sourceTree = "<group>"; };
		2ACC45A61B38F5E80064E416 /* TimerClass.m */ = {isa = PBXFileReference; fileEncoding = 4; lastKnownFileType = sourcecode.c.objc; path = TimerClass.m; sourceTree = "<group>"; };
		2ACC45A81B38F5F70064E416 /* SDAudioPlayerManager.h */ = {isa = PBXFileReference; fileEncoding = 4; lastKnownFileType = sourcecode.c.h; path = SDAudioPlayerManager.h; sourceTree = "<group>"; };
		2ACC45A91B38F5F70064E416 /* SDAudioPlayerManager.m */ = {isa = PBXFileReference; fileEncoding = 4; lastKnownFileType = sourcecode.c.objc; path = SDAudioPlayerManager.m; sourceTree = "<group>"; };
		2ACC45AC1B38F6B40064E416 /* back1.jpg */ = {isa = PBXFileReference; lastKnownFileType = image.jpeg; path = back1.jpg; sourceTree = "<group>"; };
		2ACC45AD1B38F6B40064E416 /* balloon_down.png */ = {isa = PBXFileReference; lastKnownFileType = image.png; path = balloon_down.png; sourceTree = "<group>"; };
		2ACC45AE1B38F6B40064E416 /* balloon_up.png */ = {isa = PBXFileReference; lastKnownFileType = image.png; path = balloon_up.png; sourceTree = "<group>"; };
		2ACC45AF1B38F6B40064E416 /* dogall.png */ = {isa = PBXFileReference; lastKnownFileType = image.png; path = dogall.png; sourceTree = "<group>"; };
		2ACC45B01B38F6B40064E416 /* frame.gif */ = {isa = PBXFileReference; lastKnownFileType = image.gif; path = frame.gif; sourceTree = "<group>"; };
		2ACC45B11B38F6B40064E416 /* frame_2.png */ = {isa = PBXFileReference; lastKnownFileType = image.png; path = frame_2.png; sourceTree = "<group>"; };
		2ACC45B21B38F6B40064E416 /* girl1.jpg */ = {isa = PBXFileReference; lastKnownFileType = image.jpeg; path = girl1.jpg; sourceTree = "<group>"; };
		2ACC45B31B38F6B40064E416 /* girl2.jpg */ = {isa = PBXFileReference; lastKnownFileType = image.jpeg; path = girl2.jpg; sourceTree = "<group>"; };
		2ACC45B41B38F6B40064E416 /* girl3.jpg */ = {isa = PBXFileReference; lastKnownFileType = image.jpeg; path = girl3.jpg; sourceTree = "<group>"; };
		2ACC45B51B38F6B40064E416 /* girl4.jpg */ = {isa = PBXFileReference; lastKnownFileType = image.jpeg; path = girl4.jpg; sourceTree = "<group>"; };
		2ACC45B61B38F6B40064E416 /* hasky.png */ = {isa = PBXFileReference; lastKnownFileType = image.png; path = hasky.png; sourceTree = "<group>"; };
		2ACC45B71B38F6B40064E416 /* koly.png */ = {isa = PBXFileReference; lastKnownFileType = image.png; path = koly.png; sourceTree = "<group>"; };
		2ACC45B81B38F6B40064E416 /* pome.png */ = {isa = PBXFileReference; lastKnownFileType = image.png; path = pome.png; sourceTree = "<group>"; };
		2ACC45B91B38F6B40064E416 /* shiba.png */ = {isa = PBXFileReference; lastKnownFileType = image.png; path = shiba.png; sourceTree = "<group>"; };
		2ACC45BA1B38F6B40064E416 /* shuna.png */ = {isa = PBXFileReference; lastKnownFileType = image.png; path = shuna.png; sourceTree = "<group>"; };
		2ACC45BB1B38F6B40064E416 /* title_ver2.png */ = {isa = PBXFileReference; lastKnownFileType = image.png; path = title_ver2.png; sourceTree = "<group>"; };
		2ACC45BD1B38F6B40064E416 /* c6.mp3 */ = {isa = PBXFileReference; lastKnownFileType = audio.mp3; path = c6.mp3; sourceTree = "<group>"; };
		2ACC45BE1B38F6B40064E416 /* correct2.mp3 */ = {isa = PBXFileReference; lastKnownFileType = audio.mp3; path = correct2.mp3; sourceTree = "<group>"; };
		2ACC45BF1B38F6B40064E416 /* d6.mp3 */ = {isa = PBXFileReference; lastKnownFileType = audio.mp3; path = d6.mp3; sourceTree = "<group>"; };
		2ACC45C01B38F6B40064E416 /* decision23.mp3 */ = {isa = PBXFileReference; lastKnownFileType = audio.mp3; path = decision23.mp3; sourceTree = "<group>"; };
		2ACC45C11B38F6B40064E416 /* se9.wav */ = {isa = PBXFileReference; lastKnownFileType = audio.wav; path = se9.wav; sourceTree = "<group>"; };
		2ACC45C21B38F6B40064E416 /* Yasashisa.ttf */ = {isa = PBXFileReference; lastKnownFileType = file; path = Yasashisa.ttf; sourceTree = "<group>"; };
		2ACC45C31B38F6B40064E416 /* カジノ4.mp3 */ = {isa = PBXFileReference; lastKnownFileType = audio.mp3; path = "カジノ4.mp3"; sourceTree = "<group>"; };
		2ACC45DC1B38F73A0064E416 /* KodomoRounded.otf */ = {isa = PBXFileReference; lastKnownFileType = file; path = KodomoRounded.otf; sourceTree = "<group>"; };
		2ACC45DF1B38F81B0064E416 /* Main.storyboard */ = {isa = PBXFileReference; fileEncoding = 4; lastKnownFileType = file.storyboard; path = Main.storyboard; sourceTree = "<group>"; };
		2AD222D91B3A801D0098BAE0 /* SDPreloadingAudioFiles.plist */ = {isa = PBXFileReference; fileEncoding = 4; lastKnownFileType = text.plist.xml; path = SDPreloadingAudioFiles.plist; sourceTree = "<group>"; };
		2AF2C6F61B3A44180046BAD3 /* AlertView.h */ = {isa = PBXFileReference; fileEncoding = 4; lastKnownFileType = sourcecode.c.h; path = AlertView.h; sourceTree = "<group>"; };
		2AF2C6F71B3A44180046BAD3 /* AlertView.m */ = {isa = PBXFileReference; fileEncoding = 4; lastKnownFileType = sourcecode.c.objc; path = AlertView.m; sourceTree = "<group>"; };
		2AF2FDE91AD60F0800E71856 /* AVFoundation.framework */ = {isa = PBXFileReference; lastKnownFileType = wrapper.framework; name = AVFoundation.framework; path = System/Library/Frameworks/AVFoundation.framework; sourceTree = SDKROOT; };
		32826A657BA732C87BD4625E /* Pods.release.xcconfig */ = {isa = PBXFileReference; includeInIndex = 1; lastKnownFileType = text.xcconfig; name = Pods.release.xcconfig; path = "Pods/Target Support Files/Pods/Pods.release.xcconfig"; sourceTree = "<group>"; };
		8F8819315EF35BDF02837D81 /* libPods.a */ = {isa = PBXFileReference; explicitFileType = archive.ar; includeInIndex = 0; path = libPods.a; sourceTree = BUILT_PRODUCTS_DIR; };
		A1D1FB1281A73EBF680B898D /* Pods.debug.xcconfig */ = {isa = PBXFileReference; includeInIndex = 1; lastKnownFileType = text.xcconfig; name = Pods.debug.xcconfig; path = "Pods/Target Support Files/Pods/Pods.debug.xcconfig"; sourceTree = "<group>"; };
		B800604F1B3BEA4000142706 /* SDDefine.h */ = {isa = PBXFileReference; fileEncoding = 4; lastKnownFileType = sourcecode.c.h; path = SDDefine.h; sourceTree = "<group>"; };
		B858B31D1B3CCF27001C57BA /* ResultScreenViewController.h */ = {isa = PBXFileReference; fileEncoding = 4; lastKnownFileType = sourcecode.c.h; path = ResultScreenViewController.h; sourceTree = "<group>"; };
		B858B31E1B3CCF27001C57BA /* ResultScreenViewController.m */ = {isa = PBXFileReference; fileEncoding = 4; lastKnownFileType = sourcecode.c.objc; path = ResultScreenViewController.m; sourceTree = "<group>"; };
/* End PBXFileReference section */

/* Begin PBXFrameworksBuildPhase section */
		2A3A3EE81AD2373400F09768 /* Frameworks */ = {
			isa = PBXFrameworksBuildPhase;
			buildActionMask = 2147483647;
			files = (
				2AF2FDEA1AD60F0800E71856 /* AVFoundation.framework in Frameworks */,
				2A3A3F321AD2549900F09768 /* QuartzCore.framework in Frameworks */,
				2A3A3F1A1AD2376600F09768 /* CoreAudio.framework in Frameworks */,
				B66DB53DA80980756F3518CA /* libPods.a in Frameworks */,
			);
			runOnlyForDeploymentPostprocessing = 0;
		};
		2A3A3F061AD2373400F09768 /* Frameworks */ = {
			isa = PBXFrameworksBuildPhase;
			buildActionMask = 2147483647;
			files = (
			);
			runOnlyForDeploymentPostprocessing = 0;
		};
/* End PBXFrameworksBuildPhase section */

/* Begin PBXGroup section */
		2A3A3EE21AD2373400F09768 = {
			isa = PBXGroup;
			children = (
				2AF2FDE91AD60F0800E71856 /* AVFoundation.framework */,
				2A3A3F311AD2549900F09768 /* QuartzCore.framework */,
				2A3A3F191AD2376600F09768 /* CoreAudio.framework */,
				2A3A3EED1AD2373400F09768 /* DogCatch(ver1.01) */,
				2A3A3F0C1AD2373400F09768 /* DogCatch(ver1.01)Tests */,
				2A3A3EEC1AD2373400F09768 /* Products */,
				AE652EBB20362114B92F2F3F /* Pods */,
				A83951CEF7B6A87D37132BF8 /* Frameworks */,
			);
			sourceTree = "<group>";
		};
		2A3A3EEC1AD2373400F09768 /* Products */ = {
			isa = PBXGroup;
			children = (
				2A3A3EEB1AD2373400F09768 /* StrayDogOverOne.app */,
				2A3A3F091AD2373400F09768 /* StrayDogOverOneTests.xctest */,
			);
			name = Products;
			sourceTree = "<group>";
		};
		2A3A3EED1AD2373400F09768 /* DogCatch(ver1.01) */ = {
			isa = PBXGroup;
			children = (
				2ACC457F1B38F0330064E416 /* Controllers */,
				2ACC45801B38F0330064E416 /* Models */,
				2ACC45821B38F0330064E416 /* Views */,
				2ACC457E1B38EFE10064E416 /* Commons */,
				2ACC45811B38F0330064E416 /* Resources */,
				2A3A3EF21AD2373400F09768 /* AppDelegate.h */,
				2A3A3EF31AD2373400F09768 /* AppDelegate.m */,
				2A3A3F001AD2373400F09768 /* Images.xcassets */,
				2A3A3F021AD2373400F09768 /* LaunchScreen.xib */,
				2A3A3EEE1AD2373400F09768 /* Supporting Files */,
			);
			path = "DogCatch(ver1.01)";
			sourceTree = "<group>";
		};
		2A3A3EEE1AD2373400F09768 /* Supporting Files */ = {
			isa = PBXGroup;
			children = (
				2A3A3EEF1AD2373400F09768 /* Info.plist */,
				2A3A3EF01AD2373400F09768 /* main.m */,
				2A93202E1B3B99FD005039C7 /* StrayDogOverOne-Prefix.pch */,
			);
			name = "Supporting Files";
			sourceTree = "<group>";
		};
		2A3A3F0C1AD2373400F09768 /* DogCatch(ver1.01)Tests */ = {
			isa = PBXGroup;
			children = (
				2A3A3F0F1AD2373400F09768 /* DogCatch_ver1_01_Tests.m */,
				2A3A3F0D1AD2373400F09768 /* Supporting Files */,
			);
			path = "DogCatch(ver1.01)Tests";
			sourceTree = "<group>";
		};
		2A3A3F0D1AD2373400F09768 /* Supporting Files */ = {
			isa = PBXGroup;
			children = (
				2A3A3F0E1AD2373400F09768 /* Info.plist */,
			);
			name = "Supporting Files";
			sourceTree = "<group>";
		};
		2A93202D1B3B955C005039C7 /* config */ = {
			isa = PBXGroup;
			children = (
				2A93202F1B3B9F9B005039C7 /* PlistLoad.h */,
				2A9320301B3B9F9B005039C7 /* PlistLoad.m */,
			);
			name = config;
			sourceTree = "<group>";
		};
		2ACC457E1B38EFE10064E416 /* Commons */ = {
			isa = PBXGroup;
			children = (
				2A93202D1B3B955C005039C7 /* config */,
				2ACC45A41B38F5690064E416 /* Categories */,
				2ACC45A31B38F5590064E416 /* Utility */,
				2ACC45A11B38F5230064E416 /* Singleton */,
				B800604F1B3BEA4000142706 /* SDDefine.h */,
			);
			path = Commons;
			sourceTree = "<group>";
		};
		2ACC457F1B38F0330064E416 /* Controllers */ = {
			isa = PBXGroup;
			children = (
				B858B3201B3CCF31001C57BA /* Result */,
				2ACC45921B38F3100064E416 /* Tutoral */,
				2ACC458B1B38F2AE0064E416 /* NormalScreen */,
				2ACC458A1B38F2430064E416 /* EasyScreen */,
				2ACC45861B38F2010064E416 /* TitleScreen */,
				2ACC45831B38F0700064E416 /* BaseViewController.h */,
				2ACC45841B38F0700064E416 /* BaseViewController.m */,
			);
			path = Controllers;
			sourceTree = "<group>";
		};
		2ACC45801B38F0330064E416 /* Models */ = {
			isa = PBXGroup;
			children = (
				2ACC459D1B38F4B30064E416 /* Manager */,
				2ACC45991B38F42A0064E416 /* Model */,
			);
			path = Models;
			sourceTree = "<group>";
		};
		2ACC45811B38F0330064E416 /* Resources */ = {
			isa = PBXGroup;
			children = (
				2ACC45DB1B38F73A0064E416 /* DogCatch_font */,
				2ACC45AB1B38F6B40064E416 /* DogCatch_image */,
				2ACC45BC1B38F6B40064E416 /* DogCatch_music */,
				2AD222D91B3A801D0098BAE0 /* SDPreloadingAudioFiles.plist */,
			);
			path = Resources;
			sourceTree = "<group>";
		};
		2ACC45821B38F0330064E416 /* Views */ = {
			isa = PBXGroup;
			children = (
				2AF2C6F51B3A43920046BAD3 /* AlertView */,
				2ACC45E11B38F8610064E416 /* CustomView */,
				2ACC45DE1B38F80D0064E416 /* StoryBoard */,
			);
			path = Views;
			sourceTree = "<group>";
		};
		2ACC45861B38F2010064E416 /* TitleScreen */ = {
			isa = PBXGroup;
			children = (
				2ACC45871B38F23A0064E416 /* TitleScreenViewController.h */,
				2ACC45881B38F23A0064E416 /* TitleScreenViewController.m */,
			);
			name = TitleScreen;
			sourceTree = "<group>";
		};
		2ACC458A1B38F2430064E416 /* EasyScreen */ = {
			isa = PBXGroup;
			children = (
				2ACC458C1B38F2F20064E416 /* EasyModeViewController.h */,
				2ACC458D1B38F2F20064E416 /* EasyModeViewController.m */,
			);
			name = EasyScreen;
			sourceTree = "<group>";
		};
		2ACC458B1B38F2AE0064E416 /* NormalScreen */ = {
			isa = PBXGroup;
			children = (
				2ACC458F1B38F2FF0064E416 /* NormalScreenViewController.h */,
				2ACC45901B38F2FF0064E416 /* NormalScreenViewController.m */,
			);
			name = NormalScreen;
			sourceTree = "<group>";
		};
		2ACC45921B38F3100064E416 /* Tutoral */ = {
			isa = PBXGroup;
			children = (
				2ACC45931B38F32F0064E416 /* TutorialScreenViewController.h */,
				2ACC45941B38F32F0064E416 /* TutorialScreenViewController.m */,
			);
			name = Tutoral;
			sourceTree = "<group>";
		};
		2ACC45991B38F42A0064E416 /* Model */ = {
			isa = PBXGroup;
			children = (
				2ACC459A1B38F4720064E416 /* ScoreModel.h */,
				2ACC459B1B38F4720064E416 /* ScoreModel.m */,
			);
			name = Model;
			sourceTree = "<group>";
		};
		2ACC459D1B38F4B30064E416 /* Manager */ = {
			isa = PBXGroup;
			children = (
				2ACC459E1B38F5100064E416 /* ScoreModelManager.h */,
				2ACC459F1B38F5100064E416 /* ScoreModelManager.m */,
			);
			name = Manager;
			sourceTree = "<group>";
		};
		2ACC45A11B38F5230064E416 /* Singleton */ = {
			isa = PBXGroup;
			children = (
				2ACC45A81B38F5F70064E416 /* SDAudioPlayerManager.h */,
				2ACC45A91B38F5F70064E416 /* SDAudioPlayerManager.m */,
			);
			name = Singleton;
			sourceTree = "<group>";
		};
		2ACC45A31B38F5590064E416 /* Utility */ = {
			isa = PBXGroup;
			children = (
				2ACC45A51B38F5E80064E416 /* TimerClass.h */,
				2ACC45A61B38F5E80064E416 /* TimerClass.m */,
			);
			name = Utility;
			sourceTree = "<group>";
		};
		2ACC45A41B38F5690064E416 /* Categories */ = {
			isa = PBXGroup;
			children = (
				2A9320321B3BC459005039C7 /* UIView+Utility.h */,
				2A9320331B3BC459005039C7 /* UIView+Utility.m */,
				2A9320351B3BC714005039C7 /* UIImage+Utility.h */,
				2A9320361B3BC714005039C7 /* UIImage+Utility.m */,
			);
			name = Categories;
			sourceTree = "<group>";
		};
		2ACC45AB1B38F6B40064E416 /* DogCatch_image */ = {
			isa = PBXGroup;
			children = (
				2ACC45AC1B38F6B40064E416 /* back1.jpg */,
				2ACC45AD1B38F6B40064E416 /* balloon_down.png */,
				2ACC45AE1B38F6B40064E416 /* balloon_up.png */,
				2ACC45AF1B38F6B40064E416 /* dogall.png */,
				2ACC45B01B38F6B40064E416 /* frame.gif */,
				2ACC45B11B38F6B40064E416 /* frame_2.png */,
				2ACC45B21B38F6B40064E416 /* girl1.jpg */,
				2ACC45B31B38F6B40064E416 /* girl2.jpg */,
				2ACC45B41B38F6B40064E416 /* girl3.jpg */,
				2ACC45B51B38F6B40064E416 /* girl4.jpg */,
				2ACC45B61B38F6B40064E416 /* hasky.png */,
				2ACC45B71B38F6B40064E416 /* koly.png */,
				2ACC45B81B38F6B40064E416 /* pome.png */,
				2ACC45B91B38F6B40064E416 /* shiba.png */,
				2ACC45BA1B38F6B40064E416 /* shuna.png */,
				2ACC45BB1B38F6B40064E416 /* title_ver2.png */,
			);
			path = DogCatch_image;
			sourceTree = "<group>";
		};
		2ACC45BC1B38F6B40064E416 /* DogCatch_music */ = {
			isa = PBXGroup;
			children = (
				2ACC45BD1B38F6B40064E416 /* c6.mp3 */,
				2ACC45BE1B38F6B40064E416 /* correct2.mp3 */,
				2ACC45BF1B38F6B40064E416 /* d6.mp3 */,
				2ACC45C01B38F6B40064E416 /* decision23.mp3 */,
				2ACC45C11B38F6B40064E416 /* se9.wav */,
				2ACC45C21B38F6B40064E416 /* Yasashisa.ttf */,
				2ACC45C31B38F6B40064E416 /* カジノ4.mp3 */,
			);
			path = DogCatch_music;
			sourceTree = "<group>";
		};
		2ACC45DB1B38F73A0064E416 /* DogCatch_font */ = {
			isa = PBXGroup;
			children = (
				2ACC45DC1B38F73A0064E416 /* KodomoRounded.otf */,
			);
			path = DogCatch_font;
			sourceTree = "<group>";
		};
		2ACC45DE1B38F80D0064E416 /* StoryBoard */ = {
			isa = PBXGroup;
			children = (
				2ACC45DF1B38F81B0064E416 /* Main.storyboard */,
			);
			name = StoryBoard;
			sourceTree = "<group>";
		};
		2ACC45E11B38F8610064E416 /* CustomView */ = {
			isa = PBXGroup;
			children = (
				2ACC45961B38F35A0064E416 /* CustomButton.h */,
				2ACC45971B38F35A0064E416 /* CustomButton.m */,
			);
			name = CustomView;
			sourceTree = "<group>";
		};
		2AF2C6F51B3A43920046BAD3 /* AlertView */ = {
			isa = PBXGroup;
			children = (
				2AF2C6F61B3A44180046BAD3 /* AlertView.h */,
				2AF2C6F71B3A44180046BAD3 /* AlertView.m */,
			);
			name = AlertView;
			sourceTree = "<group>";
		};
		A83951CEF7B6A87D37132BF8 /* Frameworks */ = {
			isa = PBXGroup;
			children = (
				8F8819315EF35BDF02837D81 /* libPods.a */,
			);
			name = Frameworks;
			sourceTree = "<group>";
		};
		AE652EBB20362114B92F2F3F /* Pods */ = {
			isa = PBXGroup;
			children = (
				A1D1FB1281A73EBF680B898D /* Pods.debug.xcconfig */,
				32826A657BA732C87BD4625E /* Pods.release.xcconfig */,
			);
			name = Pods;
			sourceTree = "<group>";
		};
		B858B3201B3CCF31001C57BA /* Result */ = {
			isa = PBXGroup;
			children = (
				B858B31E1B3CCF27001C57BA /* ResultScreenViewController.m */,
				B858B31D1B3CCF27001C57BA /* ResultScreenViewController.h */,
			);
			name = Result;
			sourceTree = "<group>";
		};
/* End PBXGroup section */

/* Begin PBXNativeTarget section */
		2A3A3EEA1AD2373400F09768 /* StrayDogOverOne */ = {
			isa = PBXNativeTarget;
			buildConfigurationList = 2A3A3F131AD2373400F09768 /* Build configuration list for PBXNativeTarget "StrayDogOverOne" */;
			buildPhases = (
				D44AB72FBE10D63CEE6CCF31 /* Check Pods Manifest.lock */,
				2A3A3EE71AD2373400F09768 /* Sources */,
				2A3A3EE81AD2373400F09768 /* Frameworks */,
				2A3A3EE91AD2373400F09768 /* Resources */,
				8A19181969A45E8569234C15 /* Copy Pods Resources */,
			);
			buildRules = (
			);
			dependencies = (
			);
			name = StrayDogOverOne;
			productName = "DogCatch(ver1.01)";
			productReference = 2A3A3EEB1AD2373400F09768 /* StrayDogOverOne.app */;
			productType = "com.apple.product-type.application";
		};
		2A3A3F081AD2373400F09768 /* StrayDogOverOneTests */ = {
			isa = PBXNativeTarget;
			buildConfigurationList = 2A3A3F161AD2373400F09768 /* Build configuration list for PBXNativeTarget "StrayDogOverOneTests" */;
			buildPhases = (
				2A3A3F051AD2373400F09768 /* Sources */,
				2A3A3F061AD2373400F09768 /* Frameworks */,
				2A3A3F071AD2373400F09768 /* Resources */,
			);
			buildRules = (
			);
			dependencies = (
				2A3A3F0B1AD2373400F09768 /* PBXTargetDependency */,
			);
			name = StrayDogOverOneTests;
			productName = "DogCatch(ver1.01)Tests";
			productReference = 2A3A3F091AD2373400F09768 /* StrayDogOverOneTests.xctest */;
			productType = "com.apple.product-type.bundle.unit-test";
		};
/* End PBXNativeTarget section */

/* Begin PBXProject section */
		2A3A3EE31AD2373400F09768 /* Project object */ = {
			isa = PBXProject;
			attributes = {
				LastUpgradeCheck = 0610;
				ORGANIZATIONNAME = RYO;
				TargetAttributes = {
					2A3A3EEA1AD2373400F09768 = {
						CreatedOnToolsVersion = 6.1.1;
						DevelopmentTeam = B369P5M548;
					};
					2A3A3F081AD2373400F09768 = {
						CreatedOnToolsVersion = 6.1.1;
						TestTargetID = 2A3A3EEA1AD2373400F09768;
					};
				};
			};
			buildConfigurationList = 2A3A3EE61AD2373400F09768 /* Build configuration list for PBXProject "StrayDogOverOne" */;
			compatibilityVersion = "Xcode 3.2";
			developmentRegion = English;
			hasScannedForEncodings = 0;
			knownRegions = (
				en,
				Base,
			);
			mainGroup = 2A3A3EE21AD2373400F09768;
			productRefGroup = 2A3A3EEC1AD2373400F09768 /* Products */;
			projectDirPath = "";
			projectRoot = "";
			targets = (
				2A3A3EEA1AD2373400F09768 /* StrayDogOverOne */,
				2A3A3F081AD2373400F09768 /* StrayDogOverOneTests */,
			);
		};
/* End PBXProject section */

/* Begin PBXResourcesBuildPhase section */
		2A3A3EE91AD2373400F09768 /* Resources */ = {
			isa = PBXResourcesBuildPhase;
			buildActionMask = 2147483647;
			files = (
				2ACC45C41B38F6B40064E416 /* back1.jpg in Resources */,
				2ACC45D81B38F6B40064E416 /* se9.wav in Resources */,
				2ACC45D71B38F6B40064E416 /* decision23.mp3 in Resources */,
				2ACC45D01B38F6B40064E416 /* pome.png in Resources */,
				2ACC45C81B38F6B40064E416 /* frame.gif in Resources */,
				2ACC45C71B38F6B40064E416 /* dogall.png in Resources */,
				2ACC45D41B38F6B40064E416 /* c6.mp3 in Resources */,
				2ACC45E01B38F81B0064E416 /* Main.storyboard in Resources */,
				2ACC45D91B38F6B40064E416 /* Yasashisa.ttf in Resources */,
				2ACC45CD1B38F6B40064E416 /* girl4.jpg in Resources */,
				2ACC45D31B38F6B40064E416 /* title_ver2.png in Resources */,
				2ACC45D11B38F6B40064E416 /* shiba.png in Resources */,
				2ACC45CC1B38F6B40064E416 /* girl3.jpg in Resources */,
				2ACC45CB1B38F6B40064E416 /* girl2.jpg in Resources */,
				2ACC45CF1B38F6B40064E416 /* koly.png in Resources */,
				2AD222DA1B3A801D0098BAE0 /* SDPreloadingAudioFiles.plist in Resources */,
				2ACC45C51B38F6B40064E416 /* balloon_down.png in Resources */,
				2ACC45D61B38F6B40064E416 /* d6.mp3 in Resources */,
				2ACC45C61B38F6B40064E416 /* balloon_up.png in Resources */,
				2ACC45CA1B38F6B40064E416 /* girl1.jpg in Resources */,
				2ACC45DA1B38F6B40064E416 /* カジノ4.mp3 in Resources */,
				2ACC45C91B38F6B40064E416 /* frame_2.png in Resources */,
				2ACC45D21B38F6B40064E416 /* shuna.png in Resources */,
				2ACC45CE1B38F6B40064E416 /* hasky.png in Resources */,
				2A3A3F041AD2373400F09768 /* LaunchScreen.xib in Resources */,
				2A3A3F011AD2373400F09768 /* Images.xcassets in Resources */,
				2ACC45DD1B38F73A0064E416 /* KodomoRounded.otf in Resources */,
				2ACC45D51B38F6B40064E416 /* correct2.mp3 in Resources */,
			);
			runOnlyForDeploymentPostprocessing = 0;
		};
		2A3A3F071AD2373400F09768 /* Resources */ = {
			isa = PBXResourcesBuildPhase;
			buildActionMask = 2147483647;
			files = (
			);
			runOnlyForDeploymentPostprocessing = 0;
		};
/* End PBXResourcesBuildPhase section */

/* Begin PBXShellScriptBuildPhase section */
		8A19181969A45E8569234C15 /* Copy Pods Resources */ = {
			isa = PBXShellScriptBuildPhase;
			buildActionMask = 2147483647;
			files = (
			);
			inputPaths = (
			);
			name = "Copy Pods Resources";
			outputPaths = (
			);
			runOnlyForDeploymentPostprocessing = 0;
			shellPath = /bin/sh;
			shellScript = "\"${SRCROOT}/Pods/Target Support Files/Pods/Pods-resources.sh\"\n";
			showEnvVarsInLog = 0;
		};
		D44AB72FBE10D63CEE6CCF31 /* Check Pods Manifest.lock */ = {
			isa = PBXShellScriptBuildPhase;
			buildActionMask = 2147483647;
			files = (
			);
			inputPaths = (
			);
			name = "Check Pods Manifest.lock";
			outputPaths = (
			);
			runOnlyForDeploymentPostprocessing = 0;
			shellPath = /bin/sh;
			shellScript = "diff \"${PODS_ROOT}/../Podfile.lock\" \"${PODS_ROOT}/Manifest.lock\" > /dev/null\nif [[ $? != 0 ]] ; then\n    cat << EOM\nerror: The sandbox is not in sync with the Podfile.lock. Run 'pod install' or update your CocoaPods installation.\nEOM\n    exit 1\nfi\n";
			showEnvVarsInLog = 0;
		};
/* End PBXShellScriptBuildPhase section */

/* Begin PBXSourcesBuildPhase section */
		2A3A3EE71AD2373400F09768 /* Sources */ = {
			isa = PBXSourcesBuildPhase;
			buildActionMask = 2147483647;
			files = (
				2A9320311B3B9F9B005039C7 /* PlistLoad.m in Sources */,
				2ACC459C1B38F4720064E416 /* ScoreModel.m in Sources */,
				2AF2C6F81B3A44180046BAD3 /* AlertView.m in Sources */,
				2ACC45981B38F35A0064E416 /* CustomButton.m in Sources */,
				2ACC45AA1B38F5F70064E416 /* SDAudioPlayerManager.m in Sources */,
				2ACC458E1B38F2F20064E416 /* EasyModeViewController.m in Sources */,
				2ACC45911B38F2FF0064E416 /* NormalScreenViewController.m in Sources */,
				2A9320341B3BC459005039C7 /* UIView+Utility.m in Sources */,
				2ACC45851B38F0700064E416 /* BaseViewController.m in Sources */,
				2A3A3EF41AD2373400F09768 /* AppDelegate.m in Sources */,
				2ACC45A71B38F5E80064E416 /* TimerClass.m in Sources */,
				2A3A3EF11AD2373400F09768 /* main.m in Sources */,
				2A9320371B3BC714005039C7 /* UIImage+Utility.m in Sources */,
				2ACC45A01B38F5100064E416 /* ScoreModelManager.m in Sources */,
				2ACC45951B38F32F0064E416 /* TutorialScreenViewController.m in Sources */,
				2ACC45891B38F23A0064E416 /* TitleScreenViewController.m in Sources */,
				B858B31F1B3CCF27001C57BA /* ResultScreenViewController.m in Sources */,
			);
			runOnlyForDeploymentPostprocessing = 0;
		};
		2A3A3F051AD2373400F09768 /* Sources */ = {
			isa = PBXSourcesBuildPhase;
			buildActionMask = 2147483647;
			files = (
				2A3A3F101AD2373400F09768 /* DogCatch_ver1_01_Tests.m in Sources */,
			);
			runOnlyForDeploymentPostprocessing = 0;
		};
/* End PBXSourcesBuildPhase section */

/* Begin PBXTargetDependency section */
		2A3A3F0B1AD2373400F09768 /* PBXTargetDependency */ = {
			isa = PBXTargetDependency;
			target = 2A3A3EEA1AD2373400F09768 /* StrayDogOverOne */;
			targetProxy = 2A3A3F0A1AD2373400F09768 /* PBXContainerItemProxy */;
		};
/* End PBXTargetDependency section */

/* Begin PBXVariantGroup section */
		2A3A3F021AD2373400F09768 /* LaunchScreen.xib */ = {
			isa = PBXVariantGroup;
			children = (
				2A3A3F031AD2373400F09768 /* Base */,
			);
			name = LaunchScreen.xib;
			sourceTree = "<group>";
		};
/* End PBXVariantGroup section */

/* Begin XCBuildConfiguration section */
		2A3A3F111AD2373400F09768 /* Debug */ = {
			isa = XCBuildConfiguration;
			buildSettings = {
				ALWAYS_SEARCH_USER_PATHS = NO;
				CLANG_CXX_LANGUAGE_STANDARD = "gnu++0x";
				CLANG_CXX_LIBRARY = "libc++";
				CLANG_ENABLE_MODULES = YES;
				CLANG_ENABLE_OBJC_ARC = YES;
				CLANG_WARN_BOOL_CONVERSION = YES;
				CLANG_WARN_CONSTANT_CONVERSION = YES;
				CLANG_WARN_DIRECT_OBJC_ISA_USAGE = YES_ERROR;
				CLANG_WARN_EMPTY_BODY = YES;
				CLANG_WARN_ENUM_CONVERSION = YES;
				CLANG_WARN_INT_CONVERSION = YES;
				CLANG_WARN_OBJC_ROOT_CLASS = YES_ERROR;
				CLANG_WARN_UNREACHABLE_CODE = YES;
				CLANG_WARN__DUPLICATE_METHOD_MATCH = YES;
				"CODE_SIGN_IDENTITY[sdk=iphoneos*]" = "iPhone Developer";
				COPY_PHASE_STRIP = NO;
				ENABLE_STRICT_OBJC_MSGSEND = YES;
				GCC_C_LANGUAGE_STANDARD = gnu99;
				GCC_DYNAMIC_NO_PIC = NO;
				GCC_OPTIMIZATION_LEVEL = 0;
				GCC_PREPROCESSOR_DEFINITIONS = (
					"DEBUG=1",
					"$(inherited)",
				);
				GCC_SYMBOLS_PRIVATE_EXTERN = NO;
				GCC_WARN_64_TO_32_BIT_CONVERSION = YES;
				GCC_WARN_ABOUT_RETURN_TYPE = YES_ERROR;
				GCC_WARN_UNDECLARED_SELECTOR = YES;
				GCC_WARN_UNINITIALIZED_AUTOS = YES_AGGRESSIVE;
				GCC_WARN_UNUSED_FUNCTION = YES;
				GCC_WARN_UNUSED_VARIABLE = YES;
				IPHONEOS_DEPLOYMENT_TARGET = 8.1;
				MTL_ENABLE_DEBUG_INFO = YES;
				ONLY_ACTIVE_ARCH = YES;
				SDKROOT = iphoneos;
				TARGETED_DEVICE_FAMILY = "1,2";
			};
			name = Debug;
		};
		2A3A3F121AD2373400F09768 /* Release */ = {
			isa = XCBuildConfiguration;
			buildSettings = {
				ALWAYS_SEARCH_USER_PATHS = NO;
				CLANG_CXX_LANGUAGE_STANDARD = "gnu++0x";
				CLANG_CXX_LIBRARY = "libc++";
				CLANG_ENABLE_MODULES = YES;
				CLANG_ENABLE_OBJC_ARC = YES;
				CLANG_WARN_BOOL_CONVERSION = YES;
				CLANG_WARN_CONSTANT_CONVERSION = YES;
				CLANG_WARN_DIRECT_OBJC_ISA_USAGE = YES_ERROR;
				CLANG_WARN_EMPTY_BODY = YES;
				CLANG_WARN_ENUM_CONVERSION = YES;
				CLANG_WARN_INT_CONVERSION = YES;
				CLANG_WARN_OBJC_ROOT_CLASS = YES_ERROR;
				CLANG_WARN_UNREACHABLE_CODE = YES;
				CLANG_WARN__DUPLICATE_METHOD_MATCH = YES;
				"CODE_SIGN_IDENTITY[sdk=iphoneos*]" = "iPhone Developer";
				COPY_PHASE_STRIP = YES;
				ENABLE_NS_ASSERTIONS = NO;
				ENABLE_STRICT_OBJC_MSGSEND = YES;
				GCC_C_LANGUAGE_STANDARD = gnu99;
				GCC_WARN_64_TO_32_BIT_CONVERSION = YES;
				GCC_WARN_ABOUT_RETURN_TYPE = YES_ERROR;
				GCC_WARN_UNDECLARED_SELECTOR = YES;
				GCC_WARN_UNINITIALIZED_AUTOS = YES_AGGRESSIVE;
				GCC_WARN_UNUSED_FUNCTION = YES;
				GCC_WARN_UNUSED_VARIABLE = YES;
				IPHONEOS_DEPLOYMENT_TARGET = 8.1;
				MTL_ENABLE_DEBUG_INFO = NO;
				SDKROOT = iphoneos;
				TARGETED_DEVICE_FAMILY = "1,2";
				VALIDATE_PRODUCT = YES;
			};
			name = Release;
		};
		2A3A3F141AD2373400F09768 /* Debug */ = {
			isa = XCBuildConfiguration;
			baseConfigurationReference = A1D1FB1281A73EBF680B898D /* Pods.debug.xcconfig */;
			buildSettings = {
				ASSETCATALOG_COMPILER_APPICON_NAME = AppIcon;
				CODE_SIGN_IDENTITY = "iPhone Developer";
				"CODE_SIGN_IDENTITY[sdk=iphoneos*]" = "iPhone Developer";
				GCC_PREFIX_HEADER = "DogCatch(ver1.01)/$(PRODUCT_NAME)-Prefix.pch";
				INFOPLIST_FILE = "DogCatch(ver1.01)/Info.plist";
				IPHONEOS_DEPLOYMENT_TARGET = 8.0;
				LD_RUNPATH_SEARCH_PATHS = "$(inherited) @executable_path/Frameworks";
				PRODUCT_NAME = StrayDogOverOne;
				PROVISIONING_PROFILE = "241f778b-08f7-45a0-8a98-de23aa108cba";
				TARGETED_DEVICE_FAMILY = 2;
			};
			name = Debug;
		};
		2A3A3F151AD2373400F09768 /* Release */ = {
			isa = XCBuildConfiguration;
			baseConfigurationReference = 32826A657BA732C87BD4625E /* Pods.release.xcconfig */;
			buildSettings = {
				ASSETCATALOG_COMPILER_APPICON_NAME = AppIcon;
				CODE_SIGN_IDENTITY = "iPhone Distribution";
				"CODE_SIGN_IDENTITY[sdk=iphoneos*]" = "iPhone Distribution";
				GCC_PREFIX_HEADER = "DogCatch(ver1.01)/$(PRODUCT_NAME)-Prefix.pch";
				INFOPLIST_FILE = "DogCatch(ver1.01)/Info.plist";
				IPHONEOS_DEPLOYMENT_TARGET = 8.0;
				LD_RUNPATH_SEARCH_PATHS = "$(inherited) @executable_path/Frameworks";
				PRODUCT_NAME = StrayDogOverOne;
				PROVISIONING_PROFILE = "a3bd68ef-d360-4187-a25a-9124df164a8a";
				TARGETED_DEVICE_FAMILY = 2;
			};
			name = Release;
		};
		2A3A3F171AD2373400F09768 /* Debug */ = {
			isa = XCBuildConfiguration;
			buildSettings = {
				BUNDLE_LOADER = "$(TEST_HOST)";
				FRAMEWORK_SEARCH_PATHS = (
					"$(SDKROOT)/Developer/Library/Frameworks",
					"$(inherited)",
				);
				GCC_PREPROCESSOR_DEFINITIONS = (
					"DEBUG=1",
					"$(inherited)",
				);
				INFOPLIST_FILE = "DogCatch(ver1.01)Tests/Info.plist";
				LD_RUNPATH_SEARCH_PATHS = "$(inherited) @executable_path/Frameworks @loader_path/Frameworks";
				PRODUCT_NAME = StrayDogOverOneTests;
				TEST_HOST = "$(BUILT_PRODUCTS_DIR)/DogCatch(ver1.01).app/DogCatch(ver1.01)";
			};
			name = Debug;
		};
		2A3A3F181AD2373400F09768 /* Release */ = {
			isa = XCBuildConfiguration;
			buildSettings = {
				BUNDLE_LOADER = "$(TEST_HOST)";
				FRAMEWORK_SEARCH_PATHS = (
					"$(SDKROOT)/Developer/Library/Frameworks",
					"$(inherited)",
				);
				INFOPLIST_FILE = "DogCatch(ver1.01)Tests/Info.plist";
				LD_RUNPATH_SEARCH_PATHS = "$(inherited) @executable_path/Frameworks @loader_path/Frameworks";
				PRODUCT_NAME = StrayDogOverOneTests;
				TEST_HOST = "$(BUILT_PRODUCTS_DIR)/DogCatch(ver1.01).app/DogCatch(ver1.01)";
			};
			name = Release;
		};
/* End XCBuildConfiguration section */

/* Begin XCConfigurationList section */
		2A3A3EE61AD2373400F09768 /* Build configuration list for PBXProject "StrayDogOverOne" */ = {
			isa = XCConfigurationList;
			buildConfigurations = (
				2A3A3F111AD2373400F09768 /* Debug */,
				2A3A3F121AD2373400F09768 /* Release */,
			);
			defaultConfigurationIsVisible = 0;
			defaultConfigurationName = Release;
		};
		2A3A3F131AD2373400F09768 /* Build configuration list for PBXNativeTarget "StrayDogOverOne" */ = {
			isa = XCConfigurationList;
			buildConfigurations = (
				2A3A3F141AD2373400F09768 /* Debug */,
				2A3A3F151AD2373400F09768 /* Release */,
			);
			defaultConfigurationIsVisible = 0;
			defaultConfigurationName = Release;
		};
		2A3A3F161AD2373400F09768 /* Build configuration list for PBXNativeTarget "StrayDogOverOneTests" */ = {
			isa = XCConfigurationList;
			buildConfigurations = (
				2A3A3F171AD2373400F09768 /* Debug */,
				2A3A3F181AD2373400F09768 /* Release */,
			);
			defaultConfigurationIsVisible = 0;
			defaultConfigurationName = Release;
		};
/* End XCConfigurationList section */
	};
	rootObject = 2A3A3EE31AD2373400F09768 /* Project object */;
}
